{
  "version": 4,
  "terraform_version": "1.3.6",
  "serial": 13,
  "lineage": "ae620493-5a84-e1c5-a706-b197bc181dfb",
  "outputs": {},
  "resources": [
    {
      "mode": "data",
      "type": "azurerm_client_config",
      "name": "current",
      "provider": "provider[\"registry.terraform.io/hashicorp/azurerm\"]",
      "instances": [
        {
          "schema_version": 0,
          "attributes": {
            "client_id": "04b07795-8ddb-461a-bbee-02f9e1bf7b46",
            "id": "Y2xpZW50Q29uZmlncy9jbGllbnRJZD0wNGIwNzc5NS04ZGRiLTQ2MWEtYmJlZS0wMmY5ZTFiZjdiNDY7b2JqZWN0SWQ9OWYwMDM5NWEtMTUyNy00ZGI1LThlYzctZGYwYTIxOWY5MTI4O3N1YnNjcmlwdGlvbklkPTFmNzExYjFmLWM2YzUtNGQzOC1iZTY1LTAyMWU5YTBjOGFjYjt0ZW5hbnRJZD05ZmZjNjcxMi01ZWQ2LTQ2NTEtOWI4MS01MWY0NTQxMTQ2NTQ=",
            "object_id": "9f00395a-1527-4db5-8ec7-df0a219f9128",
            "subscription_id": "1f711b1f-c6c5-4d38-be65-021e9a0c8acb",
            "tenant_id": "9ffc6712-5ed6-4651-9b81-51f454114654",
            "timeouts": null
          },
          "sensitive_attributes": []
        }
      ]
    },
    {
      "mode": "data",
      "type": "http",
      "name": "ip",
      "provider": "provider[\"registry.terraform.io/hashicorp/http\"]",
      "instances": [
        {
          "schema_version": 0,
          "attributes": {
            "body": "176.173.86.192",
            "ca_cert_pem": null,
            "id": "https://ifconfig.me",
            "insecure": null,
            "method": null,
            "request_body": null,
            "request_headers": null,
            "response_body": "176.173.86.192",
            "response_headers": {
              "Access-Control-Allow-Origin": "*",
              "Alt-Svc": "h3=\":443\"; ma=2592000,h3-29=\":443\"; ma=2592000",
              "Content-Length": "14",
              "Content-Type": "text/plain; charset=utf-8",
              "Date": "Mon, 20 Mar 2023 15:15:39 GMT",
              "Server": "istio-envoy",
              "Strict-Transport-Security": "max-age=2592000; includeSubDomains",
              "Via": "1.1 google",
              "X-Envoy-Upstream-Service-Time": "8"
            },
            "status_code": 200,
            "url": "https://ifconfig.me"
          },
          "sensitive_attributes": []
        }
      ]
    },
    {
      "module": "module.cognitive_search_enginer",
      "mode": "managed",
      "type": "azurerm_search_service",
      "name": "search_engine",
      "provider": "provider[\"registry.terraform.io/hashicorp/azurerm\"]",
      "instances": [
        {
          "schema_version": 0,
          "attributes": {
            "allowed_ips": [],
            "id": "/subscriptions/1f711b1f-c6c5-4d38-be65-021e9a0c8acb/resourceGroups/smart-search-rg/providers/Microsoft.Search/searchServices/smart-search-service",
            "identity": [],
            "location": "westeurope",
            "name": "smart-search-service",
            "partition_count": 1,
            "primary_key": "nT0X2h1D2Yx162ztO7k1PxAAEDlR4fVevBQxSCJEQNAzSeDiAGMJ",
            "public_network_access_enabled": true,
            "query_keys": [
              {
                "key": "XMXy0p7TCleThufjAFCNFyBT3F0y69VsFFKaWrwDkpAzSeCqApBL",
                "name": ""
              }
            ],
            "replica_count": 1,
            "resource_group_name": "smart-search-rg",
            "secondary_key": "1QxkNqSAEl1hte2bqXkhFwKUoHhzopHmGSbeWvYp92AzSeDZIHIi",
            "sku": "standard",
            "tags": {},
            "timeouts": null
          },
          "sensitive_attributes": [],
          "private": "eyJlMmJmYjczMC1lY2FhLTExZTYtOGY4OC0zNDM2M2JjN2M0YzAiOnsiY3JlYXRlIjozNjAwMDAwMDAwMDAwLCJkZWxldGUiOjM2MDAwMDAwMDAwMDAsInJlYWQiOjMwMDAwMDAwMDAwMCwidXBkYXRlIjozNjAwMDAwMDAwMDAwfX0=",
          "dependencies": [
            "module.resource_group.azurerm_resource_group.smartsearch-rg"
          ]
        }
      ]
    },
    {
      "module": "module.cognitive_services_app",
      "mode": "managed",
      "type": "azurerm_cognitive_account",
      "name": "cognitive_services",
      "provider": "provider[\"registry.terraform.io/hashicorp/azurerm\"]",
      "instances": [
        {
          "schema_version": 0,
          "attributes": {
            "custom_question_answering_search_service_id": "",
            "custom_question_answering_search_service_key": null,
            "custom_subdomain_name": "",
            "customer_managed_key": [],
            "dynamic_throttling_enabled": false,
            "endpoint": "https://westeurope.api.cognitive.microsoft.com/",
            "fqdns": [],
            "id": "/subscriptions/1f711b1f-c6c5-4d38-be65-021e9a0c8acb/resourceGroups/smart-search-rg/providers/Microsoft.CognitiveServices/accounts/cognitive-services-125",
            "identity": [],
            "kind": "CognitiveServices",
            "local_auth_enabled": true,
            "location": "westeurope",
            "metrics_advisor_aad_client_id": "",
            "metrics_advisor_aad_tenant_id": "",
            "metrics_advisor_super_user_name": "",
            "metrics_advisor_website_name": "",
            "name": "cognitive-services-125",
            "network_acls": [],
            "outbound_network_access_restricted": false,
            "primary_access_key": "2304fa00b3f34620b5487313639ac8bf",
            "public_network_access_enabled": true,
            "qna_runtime_endpoint": "",
            "resource_group_name": "smart-search-rg",
            "secondary_access_key": "8a1598fb4ead46c8a3b3373331b29198",
            "sku_name": "S0",
            "storage": [],
            "tags": {},
            "timeouts": null
          },
          "sensitive_attributes": [],
          "private": "eyJlMmJmYjczMC1lY2FhLTExZTYtOGY4OC0zNDM2M2JjN2M0YzAiOnsiY3JlYXRlIjoxODAwMDAwMDAwMDAwLCJkZWxldGUiOjE4MDAwMDAwMDAwMDAsInJlYWQiOjMwMDAwMDAwMDAwMCwidXBkYXRlIjoxODAwMDAwMDAwMDAwfX0=",
          "dependencies": [
            "module.resource_group.azurerm_resource_group.smartsearch-rg"
          ]
        }
      ]
    },
    {
      "module": "module.resource_group",
      "mode": "managed",
      "type": "azurerm_resource_group",
      "name": "smartsearch-rg",
      "provider": "provider[\"registry.terraform.io/hashicorp/azurerm\"]",
      "instances": [
        {
          "schema_version": 0,
          "attributes": {
            "id": "/subscriptions/1f711b1f-c6c5-4d38-be65-021e9a0c8acb/resourceGroups/smart-search-rg",
            "location": "westeurope",
            "name": "smart-search-rg",
            "tags": {},
            "timeouts": null
          },
          "sensitive_attributes": [],
          "private": "eyJlMmJmYjczMC1lY2FhLTExZTYtOGY4OC0zNDM2M2JjN2M0YzAiOnsiY3JlYXRlIjo1NDAwMDAwMDAwMDAwLCJkZWxldGUiOjU0MDAwMDAwMDAwMDAsInJlYWQiOjMwMDAwMDAwMDAwMCwidXBkYXRlIjo1NDAwMDAwMDAwMDAwfX0="
        }
      ]
    },
    {
      "module": "module.storage_account_aml",
      "mode": "managed",
      "type": "azurerm_storage_account",
      "name": "st_account",
      "provider": "provider[\"registry.terraform.io/hashicorp/azurerm\"]",
      "instances": [
        {
          "schema_version": 3,
          "attributes": {
            "access_tier": "Hot",
            "account_kind": "StorageV2",
            "account_replication_type": "LRS",
            "account_tier": "Standard",
            "allow_nested_items_to_be_public": true,
            "allowed_copy_scope": "",
            "azure_files_authentication": [],
            "blob_properties": [
              {
                "change_feed_enabled": false,
                "change_feed_retention_in_days": 0,
                "container_delete_retention_policy": [],
                "cors_rule": [],
                "default_service_version": "",
                "delete_retention_policy": [],
                "last_access_time_enabled": false,
                "restore_policy": [],
                "versioning_enabled": false
              }
            ],
            "cross_tenant_replication_enabled": true,
            "custom_domain": [],
            "customer_managed_key": [],
            "default_to_oauth_authentication": false,
            "edge_zone": "",
            "enable_https_traffic_only": true,
            "id": "/subscriptions/1f711b1f-c6c5-4d38-be65-021e9a0c8acb/resourceGroups/smart-search-rg/providers/Microsoft.Storage/storageAccounts/stdbsearch78",
            "identity": [],
            "immutability_policy": [],
            "infrastructure_encryption_enabled": false,
            "is_hns_enabled": false,
            "large_file_share_enabled": null,
            "location": "westeurope",
            "min_tls_version": "TLS1_2",
            "name": "stdbsearch78",
            "network_rules": [
              {
                "bypass": [
                  "AzureServices"
                ],
                "default_action": "Allow",
                "ip_rules": [],
                "private_link_access": [],
                "virtual_network_subnet_ids": []
              }
            ],
            "nfsv3_enabled": false,
            "primary_access_key": "8jH3GH8EbPSCbOJApXrIG9vTS/E8g4uU03hcPfXH5jVICJIynnN0ULjZyFToqFbuPThmuzeIw3SH+AStED1NAQ==",
            "primary_blob_connection_string": "DefaultEndpointsProtocol=https;BlobEndpoint=https://stdbsearch78.blob.core.windows.net/;AccountName=stdbsearch78;AccountKey=8jH3GH8EbPSCbOJApXrIG9vTS/E8g4uU03hcPfXH5jVICJIynnN0ULjZyFToqFbuPThmuzeIw3SH+AStED1NAQ==",
            "primary_blob_endpoint": "https://stdbsearch78.blob.core.windows.net/",
            "primary_blob_host": "stdbsearch78.blob.core.windows.net",
            "primary_connection_string": "DefaultEndpointsProtocol=https;AccountName=stdbsearch78;AccountKey=8jH3GH8EbPSCbOJApXrIG9vTS/E8g4uU03hcPfXH5jVICJIynnN0ULjZyFToqFbuPThmuzeIw3SH+AStED1NAQ==;EndpointSuffix=core.windows.net",
            "primary_dfs_endpoint": "https://stdbsearch78.dfs.core.windows.net/",
            "primary_dfs_host": "stdbsearch78.dfs.core.windows.net",
            "primary_file_endpoint": "https://stdbsearch78.file.core.windows.net/",
            "primary_file_host": "stdbsearch78.file.core.windows.net",
            "primary_location": "westeurope",
            "primary_queue_endpoint": "https://stdbsearch78.queue.core.windows.net/",
            "primary_queue_host": "stdbsearch78.queue.core.windows.net",
            "primary_table_endpoint": "https://stdbsearch78.table.core.windows.net/",
            "primary_table_host": "stdbsearch78.table.core.windows.net",
            "primary_web_endpoint": "https://stdbsearch78.z6.web.core.windows.net/",
            "primary_web_host": "stdbsearch78.z6.web.core.windows.net",
            "public_network_access_enabled": true,
            "queue_encryption_key_type": "Service",
            "queue_properties": [
              {
                "cors_rule": [],
                "hour_metrics": [
                  {
                    "enabled": true,
                    "include_apis": true,
                    "retention_policy_days": 7,
                    "version": "1.0"
                  }
                ],
                "logging": [
                  {
                    "delete": false,
                    "read": false,
                    "retention_policy_days": 0,
                    "version": "1.0",
                    "write": false
                  }
                ],
                "minute_metrics": [
                  {
                    "enabled": false,
                    "include_apis": false,
                    "retention_policy_days": 0,
                    "version": "1.0"
                  }
                ]
              }
            ],
            "resource_group_name": "smart-search-rg",
            "routing": [],
            "sas_policy": [],
            "secondary_access_key": "2K1dzG+1qO4JH7CjWqWkhWP13zcQ/5JP9oxYXl/j/rJ2/c2Q94Rj1wrp2iVBwSOjHLQNkldjtj0h+AStn0+WMg==",
            "secondary_blob_connection_string": "",
            "secondary_blob_endpoint": null,
            "secondary_blob_host": null,
            "secondary_connection_string": "DefaultEndpointsProtocol=https;AccountName=stdbsearch78;AccountKey=2K1dzG+1qO4JH7CjWqWkhWP13zcQ/5JP9oxYXl/j/rJ2/c2Q94Rj1wrp2iVBwSOjHLQNkldjtj0h+AStn0+WMg==;EndpointSuffix=core.windows.net",
            "secondary_dfs_endpoint": null,
            "secondary_dfs_host": null,
            "secondary_file_endpoint": null,
            "secondary_file_host": null,
            "secondary_location": "",
            "secondary_queue_endpoint": null,
            "secondary_queue_host": null,
            "secondary_table_endpoint": null,
            "secondary_table_host": null,
            "secondary_web_endpoint": null,
            "secondary_web_host": null,
            "sftp_enabled": false,
            "share_properties": [
              {
                "cors_rule": [],
                "retention_policy": [
                  {
                    "days": 7
                  }
                ],
                "smb": []
              }
            ],
            "shared_access_key_enabled": true,
            "static_website": [],
            "table_encryption_key_type": "Service",
            "tags": {},
            "timeouts": null
          },
          "sensitive_attributes": [],
          "private": "eyJlMmJmYjczMC1lY2FhLTExZTYtOGY4OC0zNDM2M2JjN2M0YzAiOnsiY3JlYXRlIjozNjAwMDAwMDAwMDAwLCJkZWxldGUiOjM2MDAwMDAwMDAwMDAsInJlYWQiOjMwMDAwMDAwMDAwMCwidXBkYXRlIjozNjAwMDAwMDAwMDAwfSwic2NoZW1hX3ZlcnNpb24iOiIzIn0=",
          "dependencies": [
            "module.resource_group.azurerm_resource_group.smartsearch-rg"
          ]
        }
      ]
    },
    {
      "module": "module.storage_account_aml",
      "mode": "managed",
      "type": "azurerm_storage_container",
      "name": "st_countainer",
      "provider": "provider[\"registry.terraform.io/hashicorp/azurerm\"]",
      "instances": [
        {
          "schema_version": 1,
          "attributes": {
            "container_access_type": "container",
            "has_immutability_policy": false,
            "has_legal_hold": false,
            "id": "https://stdbsearch78.blob.core.windows.net/content",
            "metadata": {},
            "name": "content",
            "resource_manager_id": "/subscriptions/1f711b1f-c6c5-4d38-be65-021e9a0c8acb/resourceGroups/smart-search-rg/providers/Microsoft.Storage/storageAccounts/stdbsearch78/blobServices/default/containers/content",
            "storage_account_name": "stdbsearch78",
            "timeouts": null
          },
          "sensitive_attributes": [],
          "private": "eyJlMmJmYjczMC1lY2FhLTExZTYtOGY4OC0zNDM2M2JjN2M0YzAiOnsiY3JlYXRlIjoxODAwMDAwMDAwMDAwLCJkZWxldGUiOjE4MDAwMDAwMDAwMDAsInJlYWQiOjMwMDAwMDAwMDAwMCwidXBkYXRlIjoxODAwMDAwMDAwMDAwfSwic2NoZW1hX3ZlcnNpb24iOiIxIn0=",
          "dependencies": [
            "module.resource_group.azurerm_resource_group.smartsearch-rg",
            "module.storage_account_aml.azurerm_storage_account.st_account"
          ]
        }
      ]
    },
    {
      "module": "module.web_app_service",
      "mode": "managed",
      "type": "azurerm_app_service",
      "name": "web_app",
      "provider": "provider[\"registry.terraform.io/hashicorp/azurerm\"]",
      "instances": [
        {
          "schema_version": 0,
          "attributes": {
            "app_service_plan_id": "/subscriptions/1f711b1f-c6c5-4d38-be65-021e9a0c8acb/resourceGroups/smart-search-rg/providers/Microsoft.Web/serverfarms/appserviceplan",
            "app_settings": {
              "WEBSITE_NODE_DEFAULT_VERSION": "6.9.1"
            },
            "auth_settings": [
              {
                "active_directory": [],
                "additional_login_params": {},
                "allowed_external_redirect_urls": [],
                "default_provider": "",
                "enabled": false,
                "facebook": [],
                "google": [],
                "issuer": "",
                "microsoft": [],
                "runtime_version": "",
                "token_refresh_extension_hours": 0,
                "token_store_enabled": false,
                "twitter": [],
                "unauthenticated_client_action": ""
              }
            ],
            "backup": [],
            "client_affinity_enabled": false,
            "client_cert_enabled": false,
            "client_cert_mode": "Required",
            "connection_string": [],
            "custom_domain_verification_id": "C2420CC4CD755012826ADE560FDB6B998093B52A3B0C9F9FB7737D5EFDA299D7",
            "default_site_hostname": "smartsearch-webapp125.azurewebsites.net",
            "enabled": true,
            "https_only": false,
            "id": "/subscriptions/1f711b1f-c6c5-4d38-be65-021e9a0c8acb/resourceGroups/smart-search-rg/providers/Microsoft.Web/sites/smartsearch-webapp125",
            "identity": [],
            "key_vault_reference_identity_id": "SystemAssigned",
            "location": "westeurope",
            "logs": [
              {
                "application_logs": [
                  {
                    "azure_blob_storage": [],
                    "file_system_level": "Off"
                  }
                ],
                "detailed_error_messages_enabled": false,
                "failed_request_tracing_enabled": false,
                "http_logs": [
                  {
                    "azure_blob_storage": [],
                    "file_system": []
                  }
                ]
              }
            ],
            "name": "smartsearch-webapp125",
            "outbound_ip_address_list": [
              "20.126.160.135",
              "20.126.160.226",
              "20.126.162.173",
              "20.126.163.195",
              "20.126.164.126",
              "20.126.165.67",
              "20.105.216.12"
            ],
            "outbound_ip_addresses": "20.126.160.135,20.126.160.226,20.126.162.173,20.126.163.195,20.126.164.126,20.126.165.67,20.105.216.12",
            "possible_outbound_ip_address_list": [
              "20.126.160.135",
              "20.126.160.226",
              "20.126.162.173",
              "20.126.163.195",
              "20.126.164.126",
              "20.126.165.67",
              "20.126.165.206",
              "20.126.165.254",
              "20.126.166.61",
              "20.126.166.233",
              "20.126.167.69",
              "20.126.167.107",
              "20.126.167.184",
              "20.126.167.193",
              "20.31.80.19",
              "20.31.80.94",
              "20.31.80.118",
              "20.31.80.188",
              "20.31.81.108",
              "20.126.161.4",
              "20.126.163.32",
              "20.126.163.107",
              "20.126.163.212",
              "20.126.163.229",
              "20.126.164.102",
              "20.126.164.119",
              "20.126.164.169",
              "20.126.165.46",
              "20.126.165.75",
              "20.126.165.122",
              "20.105.216.12"
            ],
            "possible_outbound_ip_addresses": "20.126.160.135,20.126.160.226,20.126.162.173,20.126.163.195,20.126.164.126,20.126.165.67,20.126.165.206,20.126.165.254,20.126.166.61,20.126.166.233,20.126.167.69,20.126.167.107,20.126.167.184,20.126.167.193,20.31.80.19,20.31.80.94,20.31.80.118,20.31.80.188,20.31.81.108,20.126.161.4,20.126.163.32,20.126.163.107,20.126.163.212,20.126.163.229,20.126.164.102,20.126.164.119,20.126.164.169,20.126.165.46,20.126.165.75,20.126.165.122,20.105.216.12",
            "resource_group_name": "smart-search-rg",
            "site_config": [
              {
                "acr_use_managed_identity_credentials": false,
                "acr_user_managed_identity_client_id": "",
                "always_on": false,
                "app_command_line": "",
                "auto_swap_slot_name": "",
                "cors": [],
                "default_documents": [
                  "Default.htm",
                  "Default.html",
                  "Default.asp",
                  "index.htm",
                  "index.html",
                  "iisstart.htm",
                  "default.aspx",
                  "index.php",
                  "hostingstart.html"
                ],
                "dotnet_framework_version": "v4.0",
                "ftps_state": "AllAllowed",
                "health_check_path": "",
                "http2_enabled": false,
                "ip_restriction": [],
                "java_container": "",
                "java_container_version": "",
                "java_version": "",
                "linux_fx_version": "",
                "local_mysql_enabled": false,
                "managed_pipeline_mode": "Integrated",
                "min_tls_version": "1.2",
                "number_of_workers": 1,
                "php_version": "5.6",
                "python_version": "",
                "remote_debugging_enabled": false,
                "remote_debugging_version": "",
                "scm_ip_restriction": [],
                "scm_type": "None",
                "scm_use_main_ip_restriction": false,
                "use_32_bit_worker_process": true,
                "vnet_route_all_enabled": false,
                "websockets_enabled": false,
                "windows_fx_version": ""
              }
            ],
            "site_credential": [
              {
                "password": "rsBN9EfjxsEjmKlxbtSzE8pqvuGyCjNx6JQQJYEwNaQLEtXj1HJ3snBETDd0",
                "username": "$smartsearch-webapp125"
              }
            ],
            "source_control": [
              {
                "branch": "main",
                "manual_integration": false,
                "repo_url": "",
                "rollback_enabled": false,
                "use_mercurial": false
              }
            ],
            "storage_account": [],
            "tags": null,
            "timeouts": null
          },
          "sensitive_attributes": [],
          "private": "eyJlMmJmYjczMC1lY2FhLTExZTYtOGY4OC0zNDM2M2JjN2M0YzAiOnsiY3JlYXRlIjoxODAwMDAwMDAwMDAwLCJkZWxldGUiOjE4MDAwMDAwMDAwMDAsInJlYWQiOjMwMDAwMDAwMDAwMCwidXBkYXRlIjoxODAwMDAwMDAwMDAwfX0=",
          "dependencies": [
            "module.resource_group.azurerm_resource_group.smartsearch-rg",
            "module.web_app_service.azurerm_app_service_plan.app_service_plan"
          ]
        }
      ]
    },
    {
      "module": "module.web_app_service",
      "mode": "managed",
      "type": "azurerm_app_service_plan",
      "name": "app_service_plan",
      "provider": "provider[\"registry.terraform.io/hashicorp/azurerm\"]",
      "instances": [
        {
          "schema_version": 0,
          "attributes": {
            "app_service_environment_id": "",
            "id": "/subscriptions/1f711b1f-c6c5-4d38-be65-021e9a0c8acb/resourceGroups/smart-search-rg/providers/Microsoft.Web/serverfarms/appserviceplan",
            "is_xenon": false,
            "kind": "Windows",
            "location": "westeurope",
            "maximum_elastic_worker_count": 1,
            "maximum_number_of_workers": 10,
            "name": "appserviceplan",
            "per_site_scaling": false,
            "reserved": false,
            "resource_group_name": "smart-search-rg",
            "sku": [
              {
                "capacity": 1,
                "size": "S1",
                "tier": "Standard"
              }
            ],
            "tags": {},
            "timeouts": null,
            "zone_redundant": false
          },
          "sensitive_attributes": [],
          "private": "eyJlMmJmYjczMC1lY2FhLTExZTYtOGY4OC0zNDM2M2JjN2M0YzAiOnsiY3JlYXRlIjozNjAwMDAwMDAwMDAwLCJkZWxldGUiOjM2MDAwMDAwMDAwMDAsInJlYWQiOjMwMDAwMDAwMDAwMCwidXBkYXRlIjozNjAwMDAwMDAwMDAwfX0=",
          "dependencies": [
            "module.resource_group.azurerm_resource_group.smartsearch-rg"
          ]
        }
      ]
    }
  ],
  "check_results": null
}
